{
    "_meta": {
        "hash": {
            "sha256": "44cd31eeb72ed11f0e0485c0d0848bbf3b9d66b771756b5540626fac47f60333"
        },
        "pipfile-spec": 6,
        "requires": {
            "python_version": "3.7"
        },
        "sources": [
            {
                "name": "pypi",
                "url": "https://pypi.org/simple",
                "verify_ssl": true
            }
        ]
    },
    "default": {
        "beautifulsoup4": {
            "hashes": [
                "sha256:034740f6cb549b4e932ae1ab975581e6103ac8f942200a0e9759065984391858",
                "sha256:945065979fb8529dd2f37dbb58f00b661bdbcbebf954f93b32fdf5263ef35348",
                "sha256:ba6d5c59906a85ac23dadfe5c88deaf3e179ef565f4898671253e50a78680718"
            ],
            "version": "==4.7.1"
        },
        "boto3": {
            "hashes": [
                "sha256:64acb422442042a6f908d03909d2e73a3f3ca2eed4252c8b6e3a460b43d316d1",
                "sha256:e482f835cd547589bf9f11c5c1cbad5f3303105e1e909af620d3617c6dee08eb"
            ],
            "version": "==1.9.172"
        },
        "botocore": {
            "hashes": [
                "sha256:13e75f594c77988efd13f0862f3c7397d587e74b623fe0825d48b0ec0dc96d6b",
                "sha256:1fa1ad4be9e9fea77eed7d5021be4283e9bcfecc60d2de83f96552025c4725d1"
            ],
            "version": "==1.12.172"
        },
        "bs4": {
            "hashes": [
                "sha256:36ecea1fd7cc5c0c6e4a1ff075df26d50da647b75376626cc186e2212886dd3a"
            ],
            "index": "pypi",
            "version": "==0.0.1"
        },
        "docutils": {
            "hashes": [
                "sha256:02aec4bd92ab067f6ff27a38a38a41173bf01bed8f89157768c1573f53e474a6",
                "sha256:51e64ef2ebfb29cae1faa133b3710143496eca21c530f3f71424d77687764274",
                "sha256:7a4bd47eaf6596e1295ecb11361139febe29b084a87bf005bf899f9a42edc3c6"
            ],
            "version": "==0.14"
        },
        "jmespath": {
            "hashes": [
                "sha256:3720a4b1bd659dd2eecad0666459b9788813e032b83e7ba58578e48254e0a0e6",
                "sha256:bde2aef6f44302dfb30320115b17d030798de8c4110e28d5cf6cf91a7a31074c"
            ],
            "version": "==0.9.4"
        },
        "numpy": {
            "hashes": [
                "sha256:0778076e764e146d3078b17c24c4d89e0ecd4ac5401beff8e1c87879043a0633",
                "sha256:141c7102f20abe6cf0d54c4ced8d565b86df4d3077ba2343b61a6db996cefec7",
                "sha256:14270a1ee8917d11e7753fb54fc7ffd1934f4d529235beec0b275e2ccf00333b",
                "sha256:27e11c7a8ec9d5838bc59f809bfa86efc8a4fd02e58960fa9c49d998e14332d5",
                "sha256:2a04dda79606f3d2f760384c38ccd3d5b9bb79d4c8126b67aff5eb09a253763e",
                "sha256:3c26010c1b51e1224a3ca6b8df807de6e95128b0908c7e34f190e7775455b0ca",
                "sha256:52c40f1a4262c896420c6ea1c6fda62cf67070e3947e3307f5562bd783a90336",
                "sha256:6e4f8d9e8aa79321657079b9ac03f3cf3fd067bf31c1cca4f56d49543f4356a5",
                "sha256:7242be12a58fec245ee9734e625964b97cf7e3f2f7d016603f9e56660ce479c7",
                "sha256:7dc253b542bfd4b4eb88d9dbae4ca079e7bf2e2afd819ee18891a43db66c60c7",
                "sha256:94f5bd885f67bbb25c82d80184abbf7ce4f6c3c3a41fbaa4182f034bba803e69",
                "sha256:a89e188daa119ffa0d03ce5123dee3f8ffd5115c896c2a9d4f0dbb3d8b95bfa3",
                "sha256:ad3399da9b0ca36e2f24de72f67ab2854a62e623274607e37e0ce5f5d5fa9166",
                "sha256:b0348be89275fd1d4c44ffa39530c41a21062f52299b1e3ee7d1c61f060044b8",
                "sha256:b5554368e4ede1856121b0dfa35ce71768102e4aa55e526cb8de7f374ff78722",
                "sha256:cbddc56b2502d3f87fda4f98d948eb5b11f36ff3902e17cb6cc44727f2200525",
                "sha256:d79f18f41751725c56eceab2a886f021d70fd70a6188fd386e29a045945ffc10",
                "sha256:dc2ca26a19ab32dc475dbad9dfe723d3a64c835f4c23f625c2b6566ca32b9f29",
                "sha256:dd9bcd4f294eb0633bb33d1a74febdd2b9018b8b8ed325f861fffcd2c7660bb8",
                "sha256:e8baab1bc7c9152715844f1faca6744f2416929de10d7639ed49555a85549f52",
                "sha256:ec31fe12668af687b99acf1567399632a7c47b0e17cfb9ae47c098644ef36797",
                "sha256:f12b4f7e2d8f9da3141564e6737d79016fe5336cc92de6814eba579744f65b0a",
                "sha256:f58ac38d5ca045a377b3b377c84df8175ab992c970a53332fa8ac2373df44ff7"
            ],
            "version": "==1.16.4"
        },
        "pyarrow": {
            "hashes": [
                "sha256:0b37c6a4e12a0236668c73c46e8ac3537e904610bb298c8b29dc913c054f0ec6",
                "sha256:1bf34856831af53e2eb5178fb04301ff000bbb8fe0a7e7a7723abf7fe355eeef",
                "sha256:2618a14ce46f48320ad9f11c895ad75eec3245d2e5319f8c1b8e34ce0eb046a1",
                "sha256:51ffb60dd432a46cb579c200f0df1884893f6e724f1b5980464c469f04b571bd",
                "sha256:6a8b85705c9dc520fc274aaa7fc2279a331f3d251571d33c5c465f9953e9cbdb",
                "sha256:9d76a573c32bbef2bae88f192acce3e4e403afdc40fea996f44eda1d1195c030",
                "sha256:bc0d0138f486d2629b8c427105e15a35d91cbd839b4037645beebd23a37ca12a",
                "sha256:c326c247299cc6f5f7134b41c3a5ed8c5310869a87223acd0fba344290db6a8f",
                "sha256:c4401058073bb11f7bf4b9ff067f11525e9f95d7c2b203197620e2b0912bc406",
                "sha256:c60450150103bca3cb6aa8b02c569efa30ef3e944ea309695fe21f056cd4d6aa",
                "sha256:e4bcd514f7254acb0dd599fc17908a8e0aadc627b8627bbf5b5ef56d99758d6a",
                "sha256:f7a8f1bd888ca120bc4ae4630570cc6ac9af3e6647b4512c65beafc6d4d3b00a",
                "sha256:fc7b2c189bd00d9beaaff22ff52cb1c7e3261bd1d9cc9a0b34493863c78245a2"
            ],
            "index": "pypi",
            "version": "==0.13.0"
        },
        "python-dateutil": {
            "hashes": [
                "sha256:7e6584c74aeed623791615e26efd690f29817a27c73085b78e4bad02493df2fb",
                "sha256:c89805f6f4d64db21ed966fda138f8a5ed7a4fdbc1a8ee329ce1b74e3c74da9e"
            ],
            "markers": "python_version >= '2.7'",
            "version": "==2.8.0"
        },
        "s3fs": {
            "hashes": [
                "sha256:2146aae91ba3a06d7bfa7130688219599f8696d2825fb00f62923bb56f6e7ed3"
            ],
            "index": "pypi",
            "version": "==0.2.1"
        },
        "s3transfer": {
            "hashes": [
                "sha256:6efc926738a3cd576c2a79725fed9afde92378aa5c6a957e3af010cb019fac9d",
                "sha256:b780f2411b824cb541dbcd2c713d0cb61c7d1bcadae204cdddda2b35cef493ba"
            ],
            "version": "==0.2.1"
        },
        "six": {
            "hashes": [
                "sha256:3350809f0555b11f552448330d0b52d5f24c91a322ea4a15ef22629740f3761c",
                "sha256:d16a0141ec1a18405cd4ce8b4613101da75da0e9a7aec5bdd4fa804d0e0eba73"
            ],
            "version": "==1.12.0"
        },
        "soupsieve": {
            "hashes": [
                "sha256:6898e82ecb03772a0d82bd0d0a10c0d6dcc342f77e0701d0ec4a8271be465ece",
                "sha256:b20eff5e564529711544066d7dc0f7661df41232ae263619dede5059799cdfca"
            ],
            "version": "==1.9.1"
        },
        "urllib3": {
            "hashes": [
                "sha256:b246607a25ac80bedac05c6f282e3cdaf3afb65420fd024ac94435cabe6e18d1",
                "sha256:dbe59173209418ae49d485b87d1681aefa36252ee85884c31346debd19463232"
            ],
            "markers": "python_version >= '3.4'",
            "version": "==1.25.3"
        }
    },
    "develop": {}
}
